
Microsoft Visual Studio Solution File, Format Version 12.00
# Visual Studio Version 17
VisualStudioVersion = 17.8.34004.107
MinimumVisualStudioVersion = 10.0.40219.1
Project("{FAE04EC0-301F-11D3-BF4B-00C04F79EFBC}") = "Spa.Shared", "Spa.Shared\Spa.Shared.csproj", "{35200ABC-9256-4C7C-BA0F-13DD51DA8728}"
EndProject
Project("{FAE04EC0-301F-11D3-BF4B-00C04F79EFBC}") = "Spa.API", "Spa.API\Spa.API.csproj", "{D20AE8F2-7276-477A-9355-5628247522BD}"
EndProject
Project("{FAE04EC0-301F-11D3-BF4B-00C04F79EFBC}") = "Spa.WEB", "Spa.WEB\Spa.WEB.csproj", "{8F6010B0-2215-4AAC-BBCB-958657CE4715}"
EndProject
Global
	GlobalSection(SolutionConfigurationPlatforms) = preSolution
		Debug|Any CPU = Debug|Any CPU
		Release|Any CPU = Release|Any CPU
	EndGlobalSection
	GlobalSection(ProjectConfigurationPlatforms) = postSolution
		{35200ABC-9256-4C7C-BA0F-13DD51DA8728}.Debug|Any CPU.ActiveCfg = Debug|Any CPU
		{35200ABC-9256-4C7C-BA0F-13DD51DA8728}.Debug|Any CPU.Build.0 = Debug|Any CPU
		{35200ABC-9256-4C7C-BA0F-13DD51DA8728}.Release|Any CPU.ActiveCfg = Release|Any CPU
		{35200ABC-9256-4C7C-BA0F-13DD51DA8728}.Release|Any CPU.Build.0 = Release|Any CPU
		{D20AE8F2-7276-477A-9355-5628247522BD}.Debug|Any CPU.ActiveCfg = Debug|Any CPU
		{D20AE8F2-7276-477A-9355-5628247522BD}.Debug|Any CPU.Build.0 = Debug|Any CPU
		{D20AE8F2-7276-477A-9355-5628247522BD}.Release|Any CPU.ActiveCfg = Release|Any CPU
		{D20AE8F2-7276-477A-9355-5628247522BD}.Release|Any CPU.Build.0 = Release|Any CPU
		{8F6010B0-2215-4AAC-BBCB-958657CE4715}.Debug|Any CPU.ActiveCfg = Debug|Any CPU
		{8F6010B0-2215-4AAC-BBCB-958657CE4715}.Debug|Any CPU.Build.0 = Debug|Any CPU
		{8F6010B0-2215-4AAC-BBCB-958657CE4715}.Release|Any CPU.ActiveCfg = Release|Any CPU
		{8F6010B0-2215-4AAC-BBCB-958657CE4715}.Release|Any CPU.Build.0 = Release|Any CPU
	EndGlobalSection
	GlobalSection(SolutionProperties) = preSolution
		HideSolutionNode = FALSE
	EndGlobalSection
	GlobalSection(ExtensibilityGlobals) = postSolution
		SolutionGuid = {6B7C8B20-38FB-4D57-9089-0A64C605EE86}
	EndGlobalSection
EndGlobal
